// !$*UTF8*$!
{
	archiveVersion = 1;
	classes = {
	};
	objectVersion = 48;
	objects = {

/* Begin PBXBuildFile section */
		84157468209F3E4D000A77EA /* TaskSequenceViewController.swift in Sources */ = {isa = PBXBuildFile; fileRef = 84157467209F3E4D000A77EA /* TaskSequenceViewController.swift */; };
		8441DEF3208D54BF00741FC3 /* DummyTaskStruct.swift in Sources */ = {isa = PBXBuildFile; fileRef = 8441DEF2208D54BF00741FC3 /* DummyTaskStruct.swift */; };
		8441DEF520901A7C00741FC3 /* coreDataFunctions.swift in Sources */ = {isa = PBXBuildFile; fileRef = 8441DEF420901A7C00741FC3 /* coreDataFunctions.swift */; };
		844589B7209FC42600FEBE82 /* DailyTask + Operator Override.swift in Sources */ = {isa = PBXBuildFile; fileRef = 844589B6209FC42600FEBE82 /* DailyTask + Operator Override.swift */; };
		84552A57207EFCAE00CE87D0 /* AppDelegate.swift in Sources */ = {isa = PBXBuildFile; fileRef = 84552A56207EFCAE00CE87D0 /* AppDelegate.swift */; };
		84552A5E207EFCAE00CE87D0 /* Assets.xcassets in Resources */ = {isa = PBXBuildFile; fileRef = 84552A5D207EFCAE00CE87D0 /* Assets.xcassets */; };
		84552A61207EFCAE00CE87D0 /* LaunchScreen.storyboard in Resources */ = {isa = PBXBuildFile; fileRef = 84552A5F207EFCAE00CE87D0 /* LaunchScreen.storyboard */; };
		84552A69207EFD2E00CE87D0 /* FirstViewController.swift in Sources */ = {isa = PBXBuildFile; fileRef = 84552A68207EFD2E00CE87D0 /* FirstViewController.swift */; };
		84552A6C207F0CD400CE87D0 /* CreateTaskViewController.swift in Sources */ = {isa = PBXBuildFile; fileRef = 84552A6B207F0CD400CE87D0 /* CreateTaskViewController.swift */; };
		84D9C59A2086C9EE0072EEED /* SettingsViewController.swift in Sources */ = {isa = PBXBuildFile; fileRef = 84D9C5992086C9EE0072EEED /* SettingsViewController.swift */; };
		84D9C59C208821680072EEED /* UIColor+theme.swift in Sources */ = {isa = PBXBuildFile; fileRef = 84D9C59B208821680072EEED /* UIColor+theme.swift */; };
		84D9C59E208824BA0072EEED /* UINavigationController_Ext.swift in Sources */ = {isa = PBXBuildFile; fileRef = 84D9C59D208824BA0072EEED /* UINavigationController_Ext.swift */; };
		84D9C5A1208826280072EEED /* DailyTaskDefinitionFile.xcdatamodeld in Sources */ = {isa = PBXBuildFile; fileRef = 84D9C59F208826280072EEED /* DailyTaskDefinitionFile.xcdatamodeld */; };
		84D9C5A720883A810072EEED /* DailyTaskCell.swift in Sources */ = {isa = PBXBuildFile; fileRef = 84D9C5A620883A810072EEED /* DailyTaskCell.swift */; };
		84D9C5A92088AD090072EEED /* FirstViewController+UITableView.swift in Sources */ = {isa = PBXBuildFile; fileRef = 84D9C5A82088AD090072EEED /* FirstViewController+UITableView.swift */; };
/* End PBXBuildFile section */

/* Begin PBXFileReference section */
		84157467209F3E4D000A77EA /* TaskSequenceViewController.swift */ = {isa = PBXFileReference; lastKnownFileType = sourcecode.swift; path = TaskSequenceViewController.swift; sourceTree = "<group>"; };
		8441DEF2208D54BF00741FC3 /* DummyTaskStruct.swift */ = {isa = PBXFileReference; lastKnownFileType = sourcecode.swift; path = DummyTaskStruct.swift; sourceTree = "<group>"; };
		8441DEF420901A7C00741FC3 /* coreDataFunctions.swift */ = {isa = PBXFileReference; lastKnownFileType = sourcecode.swift; path = coreDataFunctions.swift; sourceTree = "<group>"; };
		844589B6209FC42600FEBE82 /* DailyTask + Operator Override.swift */ = {isa = PBXFileReference; lastKnownFileType = sourcecode.swift; path = "DailyTask + Operator Override.swift"; sourceTree = "<group>"; };
		84552A53207EFCAE00CE87D0 /* taskOrganizer.app */ = {isa = PBXFileReference; explicitFileType = wrapper.application; includeInIndex = 0; path = taskOrganizer.app; sourceTree = BUILT_PRODUCTS_DIR; };
		84552A56207EFCAE00CE87D0 /* AppDelegate.swift */ = {isa = PBXFileReference; lastKnownFileType = sourcecode.swift; path = AppDelegate.swift; sourceTree = "<group>"; };
		84552A5D207EFCAE00CE87D0 /* Assets.xcassets */ = {isa = PBXFileReference; lastKnownFileType = folder.assetcatalog; path = Assets.xcassets; sourceTree = "<group>"; };
		84552A60207EFCAE00CE87D0 /* Base */ = {isa = PBXFileReference; lastKnownFileType = file.storyboard; name = Base; path = Base.lproj/LaunchScreen.storyboard; sourceTree = "<group>"; };
		84552A62207EFCAE00CE87D0 /* Info.plist */ = {isa = PBXFileReference; lastKnownFileType = text.plist.xml; path = Info.plist; sourceTree = "<group>"; };
		84552A68207EFD2E00CE87D0 /* FirstViewController.swift */ = {isa = PBXFileReference; lastKnownFileType = sourcecode.swift; path = FirstViewController.swift; sourceTree = "<group>"; };
		84552A6B207F0CD400CE87D0 /* CreateTaskViewController.swift */ = {isa = PBXFileReference; lastKnownFileType = sourcecode.swift; path = CreateTaskViewController.swift; sourceTree = "<group>"; };
		84D9C5992086C9EE0072EEED /* SettingsViewController.swift */ = {isa = PBXFileReference; lastKnownFileType = sourcecode.swift; path = SettingsViewController.swift; sourceTree = "<group>"; };
		84D9C59B208821680072EEED /* UIColor+theme.swift */ = {isa = PBXFileReference; lastKnownFileType = sourcecode.swift; path = "UIColor+theme.swift"; sourceTree = "<group>"; };
		84D9C59D208824BA0072EEED /* UINavigationController_Ext.swift */ = {isa = PBXFileReference; lastKnownFileType = sourcecode.swift; path = UINavigationController_Ext.swift; sourceTree = "<group>"; };
		84D9C5A0208826280072EEED /* DailyTask.xcdatamodel */ = {isa = PBXFileReference; lastKnownFileType = wrapper.xcdatamodel; path = DailyTask.xcdatamodel; sourceTree = "<group>"; };
		84D9C5A620883A810072EEED /* DailyTaskCell.swift */ = {isa = PBXFileReference; lastKnownFileType = sourcecode.swift; path = DailyTaskCell.swift; sourceTree = "<group>"; };
		84D9C5A82088AD090072EEED /* FirstViewController+UITableView.swift */ = {isa = PBXFileReference; lastKnownFileType = sourcecode.swift; path = "FirstViewController+UITableView.swift"; sourceTree = "<group>"; };
/* End PBXFileReference section */

/* Begin PBXFrameworksBuildPhase section */
		84552A50207EFCAD00CE87D0 /* Frameworks */ = {
			isa = PBXFrameworksBuildPhase;
			buildActionMask = 2147483647;
			files = (
			);
			runOnlyForDeploymentPostprocessing = 0;
		};
/* End PBXFrameworksBuildPhase section */

/* Begin PBXGroup section */
		84552A4A207EFCAD00CE87D0 = {
			isa = PBXGroup;
			children = (
				84552A55207EFCAE00CE87D0 /* taskOrganizer */,
				84552A54207EFCAE00CE87D0 /* Products */,
			);
			sourceTree = "<group>";
		};
		84552A54207EFCAE00CE87D0 /* Products */ = {
			isa = PBXGroup;
			children = (
				84552A53207EFCAE00CE87D0 /* taskOrganizer.app */,
			);
			name = Products;
			sourceTree = "<group>";
		};
		84552A55207EFCAE00CE87D0 /* taskOrganizer */ = {
			isa = PBXGroup;
			children = (
				84D9C5A4208829690072EEED /* CoreData */,
				84D9C5A3208827200072EEED /* VC */,
				84552A6A207F00E700CE87D0 /* Supporting Files */,
				84552A62207EFCAE00CE87D0 /* Info.plist */,
				84D9C5A52088298A0072EEED /* Extras */,
			);
			path = taskOrganizer;
			sourceTree = "<group>";
		};
		84552A6A207F00E700CE87D0 /* Supporting Files */ = {
			isa = PBXGroup;
			children = (
				84552A56207EFCAE00CE87D0 /* AppDelegate.swift */,
				84552A5D207EFCAE00CE87D0 /* Assets.xcassets */,
				84552A5F207EFCAE00CE87D0 /* LaunchScreen.storyboard */,
			);
			path = "Supporting Files";
			sourceTree = "<group>";
		};
		84D9C5A3208827200072EEED /* VC */ = {
			isa = PBXGroup;
			children = (
				84D9C5992086C9EE0072EEED /* SettingsViewController.swift */,
				84552A68207EFD2E00CE87D0 /* FirstViewController.swift */,
				84D9C5A82088AD090072EEED /* FirstViewController+UITableView.swift */,
				84552A6B207F0CD400CE87D0 /* CreateTaskViewController.swift */,
				84D9C5A620883A810072EEED /* DailyTaskCell.swift */,
				84157467209F3E4D000A77EA /* TaskSequenceViewController.swift */,
			);
			path = VC;
			sourceTree = "<group>";
		};
		84D9C5A4208829690072EEED /* CoreData */ = {
			isa = PBXGroup;
			children = (
				84D9C59F208826280072EEED /* DailyTaskDefinitionFile.xcdatamodeld */,
				8441DEF420901A7C00741FC3 /* coreDataFunctions.swift */,
				844589B6209FC42600FEBE82 /* DailyTask + Operator Override.swift */,
			);
			path = CoreData;
			sourceTree = "<group>";
		};
		84D9C5A52088298A0072EEED /* Extras */ = {
			isa = PBXGroup;
			children = (
				8441DEF2208D54BF00741FC3 /* DummyTaskStruct.swift */,
				84D9C59D208824BA0072EEED /* UINavigationController_Ext.swift */,
				84D9C59B208821680072EEED /* UIColor+theme.swift */,
			);
			path = Extras;
			sourceTree = "<group>";
		};
/* End PBXGroup section */

/* Begin PBXNativeTarget section */
		84552A52207EFCAD00CE87D0 /* taskOrganizer */ = {
			isa = PBXNativeTarget;
			buildConfigurationList = 84552A65207EFCAE00CE87D0 /* Build configuration list for PBXNativeTarget "taskOrganizer" */;
			buildPhases = (
				84552A4F207EFCAD00CE87D0 /* Sources */,
				84552A50207EFCAD00CE87D0 /* Frameworks */,
				84552A51207EFCAD00CE87D0 /* Resources */,
			);
			buildRules = (
			);
			dependencies = (
			);
			name = taskOrganizer;
			productName = taskOrganizer;
			productReference = 84552A53207EFCAE00CE87D0 /* taskOrganizer.app */;
			productType = "com.apple.product-type.application";
		};
/* End PBXNativeTarget section */

/* Begin PBXProject section */
		84552A4B207EFCAD00CE87D0 /* Project object */ = {
			isa = PBXProject;
			attributes = {
				LastSwiftUpdateCheck = 0920;
				LastUpgradeCheck = 0930;
				ORGANIZATIONNAME = admin;
				TargetAttributes = {
					84552A52207EFCAD00CE87D0 = {
						CreatedOnToolsVersion = 9.2;
						ProvisioningStyle = Automatic;
					};
				};
			};
			buildConfigurationList = 84552A4E207EFCAD00CE87D0 /* Build configuration list for PBXProject "taskOrganizer" */;
			compatibilityVersion = "Xcode 8.0";
			developmentRegion = en;
			hasScannedForEncodings = 0;
			knownRegions = (
				en,
				Base,
			);
			mainGroup = 84552A4A207EFCAD00CE87D0;
			productRefGroup = 84552A54207EFCAE00CE87D0 /* Products */;
			projectDirPath = "";
			projectRoot = "";
			targets = (
				84552A52207EFCAD00CE87D0 /* taskOrganizer */,
			);
		};
/* End PBXProject section */

/* Begin PBXResourcesBuildPhase section */
		84552A51207EFCAD00CE87D0 /* Resources */ = {
			isa = PBXResourcesBuildPhase;
			buildActionMask = 2147483647;
			files = (
				84552A61207EFCAE00CE87D0 /* LaunchScreen.storyboard in Resources */,
				84552A5E207EFCAE00CE87D0 /* Assets.xcassets in Resources */,
			);
			runOnlyForDeploymentPostprocessing = 0;
		};
/* End PBXResourcesBuildPhase section */

/* Begin PBXSourcesBuildPhase section */
		84552A4F207EFCAD00CE87D0 /* Sources */ = {
			isa = PBXSourcesBuildPhase;
			buildActionMask = 2147483647;
			files = (
				84552A6C207F0CD400CE87D0 /* CreateTaskViewController.swift in Sources */,
				84552A69207EFD2E00CE87D0 /* FirstViewController.swift in Sources */,
				84D9C59E208824BA0072EEED /* UINavigationController_Ext.swift in Sources */,
				84D9C5A92088AD090072EEED /* FirstViewController+UITableView.swift in Sources */,
				8441DEF520901A7C00741FC3 /* coreDataFunctions.swift in Sources */,
				844589B7209FC42600FEBE82 /* DailyTask + Operator Override.swift in Sources */,
				84552A57207EFCAE00CE87D0 /* AppDelegate.swift in Sources */,
				84D9C5A720883A810072EEED /* DailyTaskCell.swift in Sources */,
				8441DEF3208D54BF00741FC3 /* DummyTaskStruct.swift in Sources */,
				84157468209F3E4D000A77EA /* TaskSequenceViewController.swift in Sources */,
				84D9C5A1208826280072EEED /* DailyTaskDefinitionFile.xcdatamodeld in Sources */,
				84D9C59C208821680072EEED /* UIColor+theme.swift in Sources */,
				84D9C59A2086C9EE0072EEED /* SettingsViewController.swift in Sources */,
			);
			runOnlyForDeploymentPostprocessing = 0;
		};
/* End PBXSourcesBuildPhase section */

/* Begin PBXVariantGroup section */
		84552A5F207EFCAE00CE87D0 /* LaunchScreen.storyboard */ = {
			isa = PBXVariantGroup;
			children = (
				84552A60207EFCAE00CE87D0 /* Base */,
			);
			name = LaunchScreen.storyboard;
			sourceTree = "<group>";
		};
/* End PBXVariantGroup section */

/* Begin XCBuildConfiguration section */
		84552A63207EFCAE00CE87D0 /* Debug */ = {
			isa = XCBuildConfiguration;
			buildSettings = {
				ALWAYS_SEARCH_USER_PATHS = NO;
				CLANG_ANALYZER_NONNULL = YES;
				CLANG_ANALYZER_NUMBER_OBJECT_CONVERSION = YES_AGGRESSIVE;
				CLANG_CXX_LANGUAGE_STANDARD = "gnu++14";
				CLANG_CXX_LIBRARY = "libc++";
				CLANG_ENABLE_MODULES = YES;
				CLANG_ENABLE_OBJC_ARC = YES;
				CLANG_WARN_BLOCK_CAPTURE_AUTORELEASING = YES;
				CLANG_WARN_BOOL_CONVERSION = YES;
				CLANG_WARN_COMMA = YES;
				CLANG_WARN_CONSTANT_CONVERSION = YES;
				CLANG_WARN_DEPRECATED_OBJC_IMPLEMENTATIONS = YES;
				CLANG_WARN_DIRECT_OBJC_ISA_USAGE = YES_ERROR;
				CLANG_WARN_DOCUMENTATION_COMMENTS = YES;
				CLANG_WARN_EMPTY_BODY = YES;
				CLANG_WARN_ENUM_CONVERSION = YES;
				CLANG_WARN_INFINITE_RECURSION = YES;
				CLANG_WARN_INT_CONVERSION = YES;
				CLANG_WARN_NON_LITERAL_NULL_CONVERSION = YES;
				CLANG_WARN_OBJC_IMPLICIT_RETAIN_SELF = YES;
				CLANG_WARN_OBJC_LITERAL_CONVERSION = YES;
				CLANG_WARN_OBJC_ROOT_CLASS = YES_ERROR;
				CLANG_WARN_RANGE_LOOP_ANALYSIS = YES;
				CLANG_WARN_STRICT_PROTOTYPES = YES;
				CLANG_WARN_SUSPICIOUS_MOVE = YES;
				CLANG_WARN_UNGUARDED_AVAILABILITY = YES_AGGRESSIVE;
				CLANG_WARN_UNREACHABLE_CODE = YES;
				CLANG_WARN__DUPLICATE_METHOD_MATCH = YES;
				CODE_SIGN_IDENTITY = "iPhone Developer";
				COPY_PHASE_STRIP = NO;
				DEBUG_INFORMATION_FORMAT = dwarf;
				ENABLE_STRICT_OBJC_MSGSEND = YES;
				ENABLE_TESTABILITY = YES;
				GCC_C_LANGUAGE_STANDARD = gnu11;
				GCC_DYNAMIC_NO_PIC = NO;
				GCC_NO_COMMON_BLOCKS = YES;
				GCC_OPTIMIZATION_LEVEL = 0;
				GCC_PREPROCESSOR_DEFINITIONS = (
					"DEBUG=1",
					"$(inherited)",
				);
				GCC_WARN_64_TO_32_BIT_CONVERSION = YES;
				GCC_WARN_ABOUT_RETURN_TYPE = YES_ERROR;
				GCC_WARN_UNDECLARED_SELECTOR = YES;
				GCC_WARN_UNINITIALIZED_AUTOS = YES_AGGRESSIVE;
				GCC_WARN_UNUSED_FUNCTION = YES;
				GCC_WARN_UNUSED_VARIABLE = YES;
				IPHONEOS_DEPLOYMENT_TARGET = 11.2;
				MTL_ENABLE_DEBUG_INFO = YES;
				ONLY_ACTIVE_ARCH = YES;
				SDKROOT = iphoneos;
				SWIFT_ACTIVE_COMPILATION_CONDITIONS = DEBUG;
				SWIFT_OPTIMIZATION_LEVEL = "-Onone";
			};
			name = Debug;
		};
		84552A64207EFCAE00CE87D0 /* Release */ = {
			isa = XCBuildConfiguration;
			buildSettings = {
				ALWAYS_SEARCH_USER_PATHS = NO;
				CLANG_ANALYZER_NONNULL = YES;
				CLANG_ANALYZER_NUMBER_OBJECT_CONVERSION = YES_AGGRESSIVE;
				CLANG_CXX_LANGUAGE_STANDARD = "gnu++14";
				CLANG_CXX_LIBRARY = "libc++";
				CLANG_ENABLE_MODULES = YES;
				CLANG_ENABLE_OBJC_ARC = YES;
				CLANG_WARN_BLOCK_CAPTURE_AUTORELEASING = YES;
				CLANG_WARN_BOOL_CONVERSION = YES;
				CLANG_WARN_COMMA = YES;
				CLANG_WARN_CONSTANT_CONVERSION = YES;
				CLANG_WARN_DEPRECATED_OBJC_IMPLEMENTATIONS = YES;
				CLANG_WARN_DIRECT_OBJC_ISA_USAGE = YES_ERROR;
				CLANG_WARN_DOCUMENTATION_COMMENTS = YES;
				CLANG_WARN_EMPTY_BODY = YES;
				CLANG_WARN_ENUM_CONVERSION = YES;
				CLANG_WARN_INFINITE_RECURSION = YES;
				CLANG_WARN_INT_CONVERSION = YES;
				CLANG_WARN_NON_LITERAL_NULL_CONVERSION = YES;
				CLANG_WARN_OBJC_IMPLICIT_RETAIN_SELF = YES;
				CLANG_WARN_OBJC_LITERAL_CONVERSION = YES;
				CLANG_WARN_OBJC_ROOT_CLASS = YES_ERROR;
				CLANG_WARN_RANGE_LOOP_ANALYSIS = YES;
				CLANG_WARN_STRICT_PROTOTYPES = YES;
				CLANG_WARN_SUSPICIOUS_MOVE = YES;
				CLANG_WARN_UNGUARDED_AVAILABILITY = YES_AGGRESSIVE;
				CLANG_WARN_UNREACHABLE_CODE = YES;
				CLANG_WARN__DUPLICATE_METHOD_MATCH = YES;
				CODE_SIGN_IDENTITY = "iPhone Developer";
				COPY_PHASE_STRIP = NO;
				DEBUG_INFORMATION_FORMAT = "dwarf-with-dsym";
				ENABLE_NS_ASSERTIONS = NO;
				ENABLE_STRICT_OBJC_MSGSEND = YES;
				GCC_C_LANGUAGE_STANDARD = gnu11;
				GCC_NO_COMMON_BLOCKS = YES;
				GCC_WARN_64_TO_32_BIT_CONVERSION = YES;
				GCC_WARN_ABOUT_RETURN_TYPE = YES_ERROR;
				GCC_WARN_UNDECLARED_SELECTOR = YES;
				GCC_WARN_UNINITIALIZED_AUTOS = YES_AGGRESSIVE;
				GCC_WARN_UNUSED_FUNCTION = YES;
				GCC_WARN_UNUSED_VARIABLE = YES;
				IPHONEOS_DEPLOYMENT_TARGET = 11.2;
				MTL_ENABLE_DEBUG_INFO = NO;
				SDKROOT = iphoneos;
				SWIFT_OPTIMIZATION_LEVEL = "-Owholemodule";
				VALIDATE_PRODUCT = YES;
			};
			name = Release;
		};
		84552A66207EFCAE00CE87D0 /* Debug */ = {
			isa = XCBuildConfiguration;
			buildSettings = {
				ASSETCATALOG_COMPILER_APPICON_NAME = AppIcon;
				CODE_SIGN_STYLE = Automatic;
				DEVELOPMENT_TEAM = S47KDE6E7N;
				INFOPLIST_FILE = taskOrganizer/Info.plist;
				LD_RUNPATH_SEARCH_PATHS = "$(inherited) @executable_path/Frameworks";
				PRODUCT_BUNDLE_IDENTIFIER = edu.asf.we.sa.taskOrganizer;
				PRODUCT_NAME = "$(TARGET_NAME)";
				SWIFT_VERSION = 4.0;
				TARGETED_DEVICE_FAMILY = "1,2";
			};
			name = Debug;
		};
		84552A67207EFCAE00CE87D0 /* Release */ = {
			isa = XCBuildConfiguration;
			buildSettings = {
				ASSETCATALOG_COMPILER_APPICON_NAME = AppIcon;
				CODE_SIGN_STYLE = Automatic;
				DEVELOPMENT_TEAM = S47KDE6E7N;
				INFOPLIST_FILE = taskOrganizer/Info.plist;
				LD_RUNPATH_SEARCH_PATHS = "$(inherited) @executable_path/Frameworks";
				PRODUCT_BUNDLE_IDENTIFIER = edu.asf.we.sa.taskOrganizer;
				PRODUCT_NAME = "$(TARGET_NAME)";
				SWIFT_VERSION = 4.0;
				TARGETED_DEVICE_FAMILY = "1,2";
			};
			name = Release;
		};
/* End XCBuildConfiguration section */

/* Begin XCConfigurationList section */
		84552A4E207EFCAD00CE87D0 /* Build configuration list for PBXProject "taskOrganizer" */ = {
			isa = XCConfigurationList;
			buildConfigurations = (
				84552A63207EFCAE00CE87D0 /* Debug */,
				84552A64207EFCAE00CE87D0 /* Release */,
			);
			defaultConfigurationIsVisible = 0;
			defaultConfigurationName = Release;
		};
		84552A65207EFCAE00CE87D0 /* Build configuration list for PBXNativeTarget "taskOrganizer" */ = {
			isa = XCConfigurationList;
			buildConfigurations = (
				84552A66207EFCAE00CE87D0 /* Debug */,
				84552A67207EFCAE00CE87D0 /* Release */,
			);
			defaultConfigurationIsVisible = 0;
			defaultConfigurationName = Release;
		};
/* End XCConfigurationList section */

/* Begin XCVersionGroup section */
		84D9C59F208826280072EEED /* DailyTaskDefinitionFile.xcdatamodeld */ = {
			isa = XCVersionGroup;
			children = (
				84D9C5A0208826280072EEED /* DailyTask.xcdatamodel */,
			);
			currentVersion = 84D9C5A0208826280072EEED /* DailyTask.xcdatamodel */;
			path = DailyTaskDefinitionFile.xcdatamodeld;
			sourceTree = "<group>";
			versionGroupType = wrapper.xcdatamodel;
		};
/* End XCVersionGroup section */
	};
	rootObject = 84552A4B207EFCAD00CE87D0 /* Project object */;
}
